
Microsoft Visual Studio Solution File, Format Version 12.00
# Visual Studio Version 16
VisualStudioVersion = 16.0.31321.278
MinimumVisualStudioVersion = 10.0.40219.1
Project("{9A19103F-16F7-4668-BE54-9A1E7A4F7556}") = "website", "gdbc-website\website.csproj", "{46E3BC65-3BAB-48C0-A590-480C4B6C5E3D}"
EndProject
Global
	GlobalSection(SolutionConfigurationPlatforms) = preSolution
		Debug|Any CPU = Debug|Any CPU
		Release|Any CPU = Release|Any CPU
	EndGlobalSection
	GlobalSection(ProjectConfigurationPlatforms) = postSolution
		{46E3BC65-3BAB-48C0-A590-480C4B6C5E3D}.Debug|Any CPU.ActiveCfg = Debug|Any CPU
		{46E3BC65-3BAB-48C0-A590-480C4B6C5E3D}.Debug|Any CPU.Build.0 = Debug|Any CPU
		{46E3BC65-3BAB-48C0-A590-480C4B6C5E3D}.Release|Any CPU.ActiveCfg = Release|Any CPU
		{46E3BC65-3BAB-48C0-A590-480C4B6C5E3D}.Release|Any CPU.Build.0 = Release|Any CPU
	EndGlobalSection
	GlobalSection(SolutionProperties) = preSolution
		HideSolutionNode = FALSE
	EndGlobalSection
	GlobalSection(ExtensibilityGlobals) = postSolution
		SolutionGuid = {F04778F7-1E56-493B-AAC4-A6C96BAE2A97}
	EndGlobalSection
EndGlobal
